
Microsoft Visual Studio Solution File, Format Version 12.00
# Visual Studio 15
VisualStudioVersion = 15.0.27428.2011
MinimumVisualStudioVersion = 10.0.40219.1
Project("{9A19103F-16F7-4668-BE54-9A1E7A4F7556}") = "RACSaveGameEditor", "RACSaveGameEditor\RACSaveGameEditor.csproj", "{196FCD1E-F9D4-4BBC-9515-A64496FA1AF1}"
EndProject
Global
	GlobalSection(SolutionConfigurationPlatforms) = preSolution
		Debug|x64 = Debug|x64
		Release|x64 = Release|x64
	EndGlobalSection
	GlobalSection(ProjectConfigurationPlatforms) = postSolution
		{196FCD1E-F9D4-4BBC-9515-A64496FA1AF1}.Debug|x64.ActiveCfg = Debug|Any CPU
		{196FCD1E-F9D4-4BBC-9515-A64496FA1AF1}.Debug|x64.Build.0 = Debug|Any CPU
		{196FCD1E-F9D4-4BBC-9515-A64496FA1AF1}.Release|x64.ActiveCfg = Release|Any CPU
		{196FCD1E-F9D4-4BBC-9515-A64496FA1AF1}.Release|x64.Build.0 = Release|Any CPU
	EndGlobalSection
	GlobalSection(SolutionProperties) = preSolution
		HideSolutionNode = FALSE
	EndGlobalSection
	GlobalSection(ExtensibilityGlobals) = postSolution
		SolutionGuid = {EC56335E-7070-4009-AB45-31F005F9822C}
	EndGlobalSection
EndGlobal
